
Microsoft Visual Studio Solution File, Format Version 12.00
# Visual Studio Version 17
VisualStudioVersion = 17.13.35931.197 d17.13
MinimumVisualStudioVersion = 10.0.40219.1
Project("{FAE04EC0-301F-11D3-BF4B-00C04F79EFBC}") = "Vectaurant.Kitchen", "Vectaurant.Kitchen\Vectaurant.Kitchen.csproj", "{0A7D01AE-D87E-43CB-82F0-9BE72C32304F}"
EndProject
Project("{FAE04EC0-301F-11D3-BF4B-00C04F79EFBC}") = "Vectaurant.FrontDesk", "Vectaurant.FrontDesk\Vectaurant.FrontDesk.csproj", "{2497DDCC-7A60-4C0D-96BD-CE19C8CE3BA1}"
EndProject
Project("{FAE04EC0-301F-11D3-BF4B-00C04F79EFBC}") = "Vectaurant.Shared", "Vectaurant.Shared\Vectaurant.Shared.csproj", "{F5CFC616-111F-4193-9850-29FB8E0393C5}"
EndProject
Global
	GlobalSection(SolutionConfigurationPlatforms) = preSolution
		Debug|Any CPU = Debug|Any CPU
		Release|Any CPU = Release|Any CPU
	EndGlobalSection
	GlobalSection(ProjectConfigurationPlatforms) = postSolution
		{0A7D01AE-D87E-43CB-82F0-9BE72C32304F}.Debug|Any CPU.ActiveCfg = Debug|Any CPU
		{0A7D01AE-D87E-43CB-82F0-9BE72C32304F}.Debug|Any CPU.Build.0 = Debug|Any CPU
		{0A7D01AE-D87E-43CB-82F0-9BE72C32304F}.Release|Any CPU.ActiveCfg = Release|Any CPU
		{0A7D01AE-D87E-43CB-82F0-9BE72C32304F}.Release|Any CPU.Build.0 = Release|Any CPU
		{2497DDCC-7A60-4C0D-96BD-CE19C8CE3BA1}.Debug|Any CPU.ActiveCfg = Debug|Any CPU
		{2497DDCC-7A60-4C0D-96BD-CE19C8CE3BA1}.Debug|Any CPU.Build.0 = Debug|Any CPU
		{2497DDCC-7A60-4C0D-96BD-CE19C8CE3BA1}.Release|Any CPU.ActiveCfg = Release|Any CPU
		{2497DDCC-7A60-4C0D-96BD-CE19C8CE3BA1}.Release|Any CPU.Build.0 = Release|Any CPU
		{F5CFC616-111F-4193-9850-29FB8E0393C5}.Debug|Any CPU.ActiveCfg = Debug|Any CPU
		{F5CFC616-111F-4193-9850-29FB8E0393C5}.Debug|Any CPU.Build.0 = Debug|Any CPU
		{F5CFC616-111F-4193-9850-29FB8E0393C5}.Release|Any CPU.ActiveCfg = Release|Any CPU
		{F5CFC616-111F-4193-9850-29FB8E0393C5}.Release|Any CPU.Build.0 = Release|Any CPU
	EndGlobalSection
	GlobalSection(SolutionProperties) = preSolution
		HideSolutionNode = FALSE
	EndGlobalSection
	GlobalSection(ExtensibilityGlobals) = postSolution
		SolutionGuid = {5D9821EE-B6AE-4709-B484-4BA58A8F28F6}
	EndGlobalSection
EndGlobal
